
Microsoft Visual Studio Solution File, Format Version 12.00
# Visual Studio 2012
Project("{FAE04EC0-301F-11D3-BF4B-00C04F79EFBC}") = "UI_Designs", "UI_Designs\UI_Designs.csproj", "{C19C44FE-165A-41C1-8ACF-1D76064F8904}"
EndProject
Global
	GlobalSection(SolutionConfigurationPlatforms) = preSolution
		Debug|Any CPU = Debug|Any CPU
		Release|Any CPU = Release|Any CPU
	EndGlobalSection
	GlobalSection(ProjectConfigurationPlatforms) = postSolution
		{C19C44FE-165A-41C1-8ACF-1D76064F8904}.Debug|Any CPU.ActiveCfg = Debug|Any CPU
		{C19C44FE-165A-41C1-8ACF-1D76064F8904}.Debug|Any CPU.Build.0 = Debug|Any CPU
		{C19C44FE-165A-41C1-8ACF-1D76064F8904}.Release|Any CPU.ActiveCfg = Release|Any CPU
		{C19C44FE-165A-41C1-8ACF-1D76064F8904}.Release|Any CPU.Build.0 = Release|Any CPU
	EndGlobalSection
	GlobalSection(SolutionProperties) = preSolution
		HideSolutionNode = FALSE
	EndGlobalSection
EndGlobal
